// !$*UTF8*$!
{
	archiveVersion = 1;
	classes = {
	};
	objectVersion = 46;
	objects = {

/* Begin PBXBuildFile section */
		4EEEA9551E1520CE0098CA01 /* AppDelegate.swift in Sources */ = {isa = PBXBuildFile; fileRef = 4EEEA9541E1520CE0098CA01 /* AppDelegate.swift */; };
		4EEEA9571E1520CE0098CA01 /* ViewController.swift in Sources */ = {isa = PBXBuildFile; fileRef = 4EEEA9561E1520CE0098CA01 /* ViewController.swift */; };
		4EEEA95A1E1520CE0098CA01 /* Main.storyboard in Resources */ = {isa = PBXBuildFile; fileRef = 4EEEA9581E1520CE0098CA01 /* Main.storyboard */; };
		4EEEA95C1E1520CE0098CA01 /* Assets.xcassets in Resources */ = {isa = PBXBuildFile; fileRef = 4EEEA95B1E1520CE0098CA01 /* Assets.xcassets */; };
		4EEEA95F1E1520CE0098CA01 /* LaunchScreen.storyboard in Resources */ = {isa = PBXBuildFile; fileRef = 4EEEA95D1E1520CE0098CA01 /* LaunchScreen.storyboard */; };
/* End PBXBuildFile section */

/* Begin PBXFileReference section */
		4EEEA9521E1520CE0098CA01 /* KidForIPad.app */ = {isa = PBXFileReference; explicitFileType = wrapper.application; includeInIndex = 0; path = KidForIPad.app; sourceTree = BUILT_PRODUCTS_DIR; };
		4EEEA9541E1520CE0098CA01 /* AppDelegate.swift */ = {isa = PBXFileReference; lastKnownFileType = sourcecode.swift; path = AppDelegate.swift; sourceTree = "<group>"; };
		4EEEA9561E1520CE0098CA01 /* ViewController.swift */ = {isa = PBXFileReference; lastKnownFileType = sourcecode.swift; path = ViewController.swift; sourceTree = "<group>"; };
		4EEEA9591E1520CE0098CA01 /* Base */ = {isa = PBXFileReference; lastKnownFileType = file.storyboard; name = Base; path = Base.lproj/Main.storyboard; sourceTree = "<group>"; };
		4EEEA95B1E1520CE0098CA01 /* Assets.xcassets */ = {isa = PBXFileReference; lastKnownFileType = folder.assetcatalog; path = Assets.xcassets; sourceTree = "<group>"; };
		4EEEA95E1E1520CE0098CA01 /* Base */ = {isa = PBXFileReference; lastKnownFileType = file.storyboard; name = Base; path = Base.lproj/LaunchScreen.storyboard; sourceTree = "<group>"; };
		4EEEA9601E1520CE0098CA01 /* Info.plist */ = {isa = PBXFileReference; lastKnownFileType = text.plist.xml; path = Info.plist; sourceTree = "<group>"; };
		56D16CA60A1B3A9E10A7A0F8 /* Pods-KidForIPad.debug.xcconfig */ = {isa = PBXFileReference; includeInIndex = 1; lastKnownFileType = text.xcconfig; name = "Pods-KidForIPad.debug.xcconfig"; path = "Pods/Target Support Files/Pods-KidForIPad/Pods-KidForIPad.debug.xcconfig"; sourceTree = "<group>"; };
		EB5DF70FB623406655B696F3 /* Pods-KidForIPad.release.xcconfig */ = {isa = PBXFileReference; includeInIndex = 1; lastKnownFileType = text.xcconfig; name = "Pods-KidForIPad.release.xcconfig"; path = "Pods/Target Support Files/Pods-KidForIPad/Pods-KidForIPad.release.xcconfig"; sourceTree = "<group>"; };
		FE99D69067CA524735341637 /* Pods_KidForIPad.framework */ = {isa = PBXFileReference; explicitFileType = wrapper.framework; includeInIndex = 0; path = Pods_KidForIPad.framework; sourceTree = BUILT_PRODUCTS_DIR; };
/* End PBXFileReference section */

/* Begin PBXFrameworksBuildPhase section */
		4EEEA94F1E1520CE0098CA01 /* Frameworks */ = {
			isa = PBXFrameworksBuildPhase;
			buildActionMask = 2147483647;
			files = (
			);
			runOnlyForDeploymentPostprocessing = 0;
		};
/* End PBXFrameworksBuildPhase section */

/* Begin PBXGroup section */
		053F6478FEC3D3399B209B55 /* Frameworks */ = {
			isa = PBXGroup;
			children = (
				FE99D69067CA524735341637 /* Pods_KidForIPad.framework */,
			);
			name = Frameworks;
			sourceTree = "<group>";
		};
		4E9131971E12699500D6B2AB = {
			isa = PBXGroup;
			children = (
				4EEEA9531E1520CE0098CA01 /* KidForIPad */,
				4E9131A11E12699500D6B2AB /* Products */,
				7EEE90177D3EEEDC0EF58E84 /* Pods */,
				053F6478FEC3D3399B209B55 /* Frameworks */,
			);
			sourceTree = "<group>";
		};
		4E9131A11E12699500D6B2AB /* Products */ = {
			isa = PBXGroup;
			children = (
				4EEEA9521E1520CE0098CA01 /* KidForIPad.app */,
			);
			name = Products;
			sourceTree = "<group>";
		};
		4EEEA9531E1520CE0098CA01 /* KidForIPad */ = {
			isa = PBXGroup;
			children = (
				4EEEA9541E1520CE0098CA01 /* AppDelegate.swift */,
				4EEEA9561E1520CE0098CA01 /* ViewController.swift */,
				4EEEA9581E1520CE0098CA01 /* Main.storyboard */,
				4EEEA95B1E1520CE0098CA01 /* Assets.xcassets */,
				4EEEA95D1E1520CE0098CA01 /* LaunchScreen.storyboard */,
				4EEEA9601E1520CE0098CA01 /* Info.plist */,
			);
			path = KidForIPad;
			sourceTree = "<group>";
		};
		7EEE90177D3EEEDC0EF58E84 /* Pods */ = {
			isa = PBXGroup;
			children = (
				56D16CA60A1B3A9E10A7A0F8 /* Pods-KidForIPad.debug.xcconfig */,
				EB5DF70FB623406655B696F3 /* Pods-KidForIPad.release.xcconfig */,
			);
			name = Pods;
			sourceTree = "<group>";
		};
/* End PBXGroup section */

/* Begin PBXNativeTarget section */
		4EEEA9511E1520CE0098CA01 /* KidForIPad */ = {
			isa = PBXNativeTarget;
			buildConfigurationList = 4EEEA9611E1520CE0098CA01 /* Build configuration list for PBXNativeTarget "KidForIPad" */;
			buildPhases = (
				4EEEA94E1E1520CE0098CA01 /* Sources */,
				4EEEA94F1E1520CE0098CA01 /* Frameworks */,
				4EEEA9501E1520CE0098CA01 /* Resources */,
			);
			buildRules = (
			);
			dependencies = (
			);
			name = KidForIPad;
			productName = KidForIPad;
			productReference = 4EEEA9521E1520CE0098CA01 /* KidForIPad.app */;
			productType = "com.apple.product-type.application";
		};
/* End PBXNativeTarget section */

/* Begin PBXProject section */
		4E9131981E12699500D6B2AB /* Project object */ = {
			isa = PBXProject;
			attributes = {
				LastSwiftUpdateCheck = 0730;
				LastUpgradeCheck = 0730;
				ORGANIZATIONNAME = KidForIPad;
				TargetAttributes = {
					4EEEA9511E1520CE0098CA01 = {
						CreatedOnToolsVersion = 7.3.1;
					};
				};
			};
			buildConfigurationList = 4E91319B1E12699500D6B2AB /* Build configuration list for PBXProject "KidForIPad" */;
			compatibilityVersion = "Xcode 3.2";
			developmentRegion = English;
			hasScannedForEncodings = 0;
			knownRegions = (
				en,
				Base,
			);
			mainGroup = 4E9131971E12699500D6B2AB;
			productRefGroup = 4E9131A11E12699500D6B2AB /* Products */;
			projectDirPath = "";
			projectRoot = "";
			targets = (
				4EEEA9511E1520CE0098CA01 /* KidForIPad */,
			);
		};
/* End PBXProject section */

/* Begin PBXResourcesBuildPhase section */
		4EEEA9501E1520CE0098CA01 /* Resources */ = {
			isa = PBXResourcesBuildPhase;
			buildActionMask = 2147483647;
			files = (
				4EEEA95F1E1520CE0098CA01 /* LaunchScreen.storyboard in Resources */,
				4EEEA95C1E1520CE0098CA01 /* Assets.xcassets in Resources */,
				4EEEA95A1E1520CE0098CA01 /* Main.storyboard in Resources */,
			);
			runOnlyForDeploymentPostprocessing = 0;
		};
/* End PBXResourcesBuildPhase section */

/* Begin PBXSourcesBuildPhase section */
		4EEEA94E1E1520CE0098CA01 /* Sources */ = {
			isa = PBXSourcesBuildPhase;
			buildActionMask = 2147483647;
			files = (
				4EEEA9571E1520CE0098CA01 /* ViewController.swift in Sources */,
				4EEEA9551E1520CE0098CA01 /* AppDelegate.swift in Sources */,
			);
			runOnlyForDeploymentPostprocessing = 0;
		};
/* End PBXSourcesBuildPhase section */

/* Begin PBXVariantGroup section */
		4EEEA9581E1520CE0098CA01 /* Main.storyboard */ = {
			isa = PBXVariantGroup;
			children = (
				4EEEA9591E1520CE0098CA01 /* Base */,
			);
			name = Main.storyboard;
			sourceTree = "<group>";
		};
		4EEEA95D1E1520CE0098CA01 /* LaunchScreen.storyboard */ = {
			isa = PBXVariantGroup;
			children = (
				4EEEA95E1E1520CE0098CA01 /* Base */,
			);
			name = LaunchScreen.storyboard;
			sourceTree = "<group>";
		};
/* End PBXVariantGroup section */

/* Begin XCBuildConfiguration section */
		4E9131B01E12699500D6B2AB /* Debug */ = {
			isa = XCBuildConfiguration;
			buildSettings = {
				ALWAYS_SEARCH_USER_PATHS = NO;
				CLANG_ANALYZER_NONNULL = YES;
				CLANG_CXX_LANGUAGE_STANDARD = "gnu++0x";
				CLANG_CXX_LIBRARY = "libc++";
				CLANG_ENABLE_MODULES = YES;
				CLANG_ENABLE_OBJC_ARC = YES;
				CLANG_WARN_BOOL_CONVERSION = YES;
				CLANG_WARN_CONSTANT_CONVERSION = YES;
				CLANG_WARN_DIRECT_OBJC_ISA_USAGE = YES_ERROR;
				CLANG_WARN_EMPTY_BODY = YES;
				CLANG_WARN_ENUM_CONVERSION = YES;
				CLANG_WARN_INT_CONVERSION = YES;
				CLANG_WARN_OBJC_ROOT_CLASS = YES_ERROR;
				CLANG_WARN_UNREACHABLE_CODE = YES;
				CLANG_WARN__DUPLICATE_METHOD_MATCH = YES;
				"CODE_SIGN_IDENTITY[sdk=iphoneos*]" = "iPhone Developer";
				COPY_PHASE_STRIP = NO;
				DEBUG_INFORMATION_FORMAT = dwarf;
				ENABLE_STRICT_OBJC_MSGSEND = YES;
				ENABLE_TESTABILITY = YES;
				GCC_C_LANGUAGE_STANDARD = gnu99;
				GCC_DYNAMIC_NO_PIC = NO;
				GCC_NO_COMMON_BLOCKS = YES;
				GCC_OPTIMIZATION_LEVEL = 0;
				GCC_PREPROCESSOR_DEFINITIONS = (
					"DEBUG=1",
					"$(inherited)",
				);
				GCC_WARN_64_TO_32_BIT_CONVERSION = YES;
				GCC_WARN_ABOUT_RETURN_TYPE = YES_ERROR;
				GCC_WARN_UNDECLARED_SELECTOR = YES;
				GCC_WARN_UNINITIALIZED_AUTOS = YES_AGGRESSIVE;
				GCC_WARN_UNUSED_FUNCTION = YES;
				GCC_WARN_UNUSED_VARIABLE = YES;
				IPHONEOS_DEPLOYMENT_TARGET = 9.3;
				MTL_ENABLE_DEBUG_INFO = YES;
				ONLY_ACTIVE_ARCH = YES;
				SDKROOT = iphoneos;
				SWIFT_OPTIMIZATION_LEVEL = "-Onone";
				TARGETED_DEVICE_FAMILY = 2;
			};
			name = Debug;
		};
		4E9131B11E12699500D6B2AB /* Release */ = {
			isa = XCBuildConfiguration;
			buildSettings = {
				ALWAYS_SEARCH_USER_PATHS = NO;
				CLANG_ANALYZER_NONNULL = YES;
				CLANG_CXX_LANGUAGE_STANDARD = "gnu++0x";
				CLANG_CXX_LIBRARY = "libc++";
				CLANG_ENABLE_MODULES = YES;
				CLANG_ENABLE_OBJC_ARC = YES;
				CLANG_WARN_BOOL_CONVERSION = YES;
				CLANG_WARN_CONSTANT_CONVERSION = YES;
				CLANG_WARN_DIRECT_OBJC_ISA_USAGE = YES_ERROR;
				CLANG_WARN_EMPTY_BODY = YES;
				CLANG_WARN_ENUM_CONVERSION = YES;
				CLANG_WARN_INT_CONVERSION = YES;
				CLANG_WARN_OBJC_ROOT_CLASS = YES_ERROR;
				CLANG_WARN_UNREACHABLE_CODE = YES;
				CLANG_WARN__DUPLICATE_METHOD_MATCH = YES;
				"CODE_SIGN_IDENTITY[sdk=iphoneos*]" = "iPhone Developer";
				COPY_PHASE_STRIP = NO;
				DEBUG_INFORMATION_FORMAT = "dwarf-with-dsym";
				ENABLE_NS_ASSERTIONS = NO;
				ENABLE_STRICT_OBJC_MSGSEND = YES;
				GCC_C_LANGUAGE_STANDARD = gnu99;
				GCC_NO_COMMON_BLOCKS = YES;
				GCC_WARN_64_TO_32_BIT_CONVERSION = YES;
				GCC_WARN_ABOUT_RETURN_TYPE = YES_ERROR;
				GCC_WARN_UNDECLARED_SELECTOR = YES;
				GCC_WARN_UNINITIALIZED_AUTOS = YES_AGGRESSIVE;
				GCC_WARN_UNUSED_FUNCTION = YES;
				GCC_WARN_UNUSED_VARIABLE = YES;
				IPHONEOS_DEPLOYMENT_TARGET = 9.3;
				MTL_ENABLE_DEBUG_INFO = NO;
				SDKROOT = iphoneos;
				TARGETED_DEVICE_FAMILY = 2;
				VALIDATE_PRODUCT = YES;
			};
			name = Release;
		};
		4EEEA9621E1520CE0098CA01 /* Debug */ = {
			isa = XCBuildConfiguration;
			buildSettings = {
				ASSETCATALOG_COMPILER_APPICON_NAME = AppIcon;
				INFOPLIST_FILE = KidForIPad/Info.plist;
				LD_RUNPATH_SEARCH_PATHS = "$(inherited) @executable_path/Frameworks";
				PRODUCT_BUNDLE_IDENTIFIER = com.51talkiosDeveloper.KidForIPad;
				PRODUCT_NAME = "$(TARGET_NAME)";
			};
			name = Debug;
		};
		4EEEA9631E1520CE0098CA01 /* Release */ = {
			isa = XCBuildConfiguration;
			buildSettings = {
				ASSETCATALOG_COMPILER_APPICON_NAME = AppIcon;
				INFOPLIST_FILE = KidForIPad/Info.plist;
				LD_RUNPATH_SEARCH_PATHS = "$(inherited) @executable_path/Frameworks";
				PRODUCT_BUNDLE_IDENTIFIER = com.51talkiosDeveloper.KidForIPad;
				PRODUCT_NAME = "$(TARGET_NAME)";
			};
			name = Release;
		};
/* End XCBuildConfiguration section */

/* Begin XCConfigurationList section */
		4E91319B1E12699500D6B2AB /* Build configuration list for PBXProject "KidForIPad" */ = {
			isa = XCConfigurationList;
			buildConfigurations = (
				4E9131B01E12699500D6B2AB /* Debug */,
				4E9131B11E12699500D6B2AB /* Release */,
			);
			defaultConfigurationIsVisible = 0;
			defaultConfigurationName = Release;
		};
		4EEEA9611E1520CE0098CA01 /* Build configuration list for PBXNativeTarget "KidForIPad" */ = {
			isa = XCConfigurationList;
			buildConfigurations = (
				4EEEA9621E1520CE0098CA01 /* Debug */,
				4EEEA9631E1520CE0098CA01 /* Release */,
			);
			defaultConfigurationIsVisible = 0;
		};
/* End XCConfigurationList section */
	};
	rootObject = 4E9131981E12699500D6B2AB /* Project object */;
}
