// !$*UTF8*$!
{
	archiveVersion = 1;
	classes = {
	};
	objectVersion = 46;
	objects = {

/* Begin PBXBuildFile section */
		4EEEA96B1E1603720098CA01 /* AppDelegate.swift in Sources */ = {isa = PBXBuildFile; fileRef = 4EEEA96A1E1603720098CA01 /* AppDelegate.swift */; };
		4EEEA96D1E1603720098CA01 /* ViewController.swift in Sources */ = {isa = PBXBuildFile; fileRef = 4EEEA96C1E1603720098CA01 /* ViewController.swift */; };
		4EEEA9721E1603730098CA01 /* Main.storyboard in Resources */ = {isa = PBXBuildFile; fileRef = 4EEEA9701E1603730098CA01 /* Main.storyboard */; };
		4EEEA97C1E1605660098CA01 /* CTLoader.swift in Sources */ = {isa = PBXBuildFile; fileRef = 4EEEA97A1E1605660098CA01 /* CTLoader.swift */; };
		4EEEA9811E1636E60098CA01 /* AssetsExportTool.swift in Sources */ = {isa = PBXBuildFile; fileRef = 4EEEA9801E1636E60098CA01 /* AssetsExportTool.swift */; };
		4EEEA9841E163DB10098CA01 /* CTErrorEnum.swift in Sources */ = {isa = PBXBuildFile; fileRef = 4EEEA9821E163DB10098CA01 /* CTErrorEnum.swift */; };
		4EEEA9901E165FAB0098CA01 /* AssetsExportDemoViewController.swift in Sources */ = {isa = PBXBuildFile; fileRef = 4EEEA98F1E165FAB0098CA01 /* AssetsExportDemoViewController.swift */; };
		4EEEA99A1E166BFB0098CA01 /* DropView.swift in Sources */ = {isa = PBXBuildFile; fileRef = 4EEEA9991E166BFB0098CA01 /* DropView.swift */; };
		4EEEA99C1E1674260098CA01 /* Tishi.swift in Sources */ = {isa = PBXBuildFile; fileRef = 4EEEA99B1E1674260098CA01 /* Tishi.swift */; };
		4EF780701E18A37C0047EAD1 /* AppDelegate.swift in Sources */ = {isa = PBXBuildFile; fileRef = 4EF7806F1E18A37C0047EAD1 /* AppDelegate.swift */; };
		4EF780721E18A37C0047EAD1 /* ViewController.swift in Sources */ = {isa = PBXBuildFile; fileRef = 4EF780711E18A37C0047EAD1 /* ViewController.swift */; };
		4EF780751E18A37C0047EAD1 /* Main.storyboard in Resources */ = {isa = PBXBuildFile; fileRef = 4EF780731E18A37C0047EAD1 /* Main.storyboard */; };
		4EF780771E18A37C0047EAD1 /* Assets.xcassets in Resources */ = {isa = PBXBuildFile; fileRef = 4EF780761E18A37C0047EAD1 /* Assets.xcassets */; };
		4EF7807A1E18A37C0047EAD1 /* LaunchScreen.storyboard in Resources */ = {isa = PBXBuildFile; fileRef = 4EF780781E18A37C0047EAD1 /* LaunchScreen.storyboard */; };
		4EF780831E18A4CD0047EAD1 /* CTLoader.swift in Sources */ = {isa = PBXBuildFile; fileRef = 4EEEA97A1E1605660098CA01 /* CTLoader.swift */; };
		4EF780841E18A4D00047EAD1 /* CTErrorEnum.swift in Sources */ = {isa = PBXBuildFile; fileRef = 4EEEA9821E163DB10098CA01 /* CTErrorEnum.swift */; };
		4EF780851E18A6A90047EAD1 /* CustomAssets in Resources */ = {isa = PBXBuildFile; fileRef = 4EEEA97D1E16350D0098CA01 /* CustomAssets */; };
		4EF780861E18B2B50047EAD1 /* CustomAssets in Resources */ = {isa = PBXBuildFile; fileRef = 4EEEA97D1E16350D0098CA01 /* CustomAssets */; };
		4EF780881E18B3160047EAD1 /* Assets.xcassets in Resources */ = {isa = PBXBuildFile; fileRef = 4EF780871E18B3160047EAD1 /* Assets.xcassets */; };
/* End PBXBuildFile section */

/* Begin PBXFileReference section */
		4EEEA9681E1603720098CA01 /* KidForMac.app */ = {isa = PBXFileReference; explicitFileType = wrapper.application; includeInIndex = 0; path = KidForMac.app; sourceTree = BUILT_PRODUCTS_DIR; };
		4EEEA96A1E1603720098CA01 /* AppDelegate.swift */ = {isa = PBXFileReference; lastKnownFileType = sourcecode.swift; path = AppDelegate.swift; sourceTree = "<group>"; };
		4EEEA96C1E1603720098CA01 /* ViewController.swift */ = {isa = PBXFileReference; lastKnownFileType = sourcecode.swift; path = ViewController.swift; sourceTree = "<group>"; };
		4EEEA9711E1603730098CA01 /* Base */ = {isa = PBXFileReference; lastKnownFileType = file.storyboard; name = Base; path = Base.lproj/Main.storyboard; sourceTree = "<group>"; };
		4EEEA9731E1603730098CA01 /* Info.plist */ = {isa = PBXFileReference; lastKnownFileType = text.plist.xml; path = Info.plist; sourceTree = "<group>"; };
		4EEEA97A1E1605660098CA01 /* CTLoader.swift */ = {isa = PBXFileReference; fileEncoding = 4; lastKnownFileType = sourcecode.swift; path = CTLoader.swift; sourceTree = "<group>"; };
		4EEEA97D1E16350D0098CA01 /* CustomAssets */ = {isa = PBXFileReference; lastKnownFileType = folder; path = CustomAssets; sourceTree = "<group>"; };
		4EEEA9801E1636E60098CA01 /* AssetsExportTool.swift */ = {isa = PBXFileReference; fileEncoding = 4; lastKnownFileType = sourcecode.swift; path = AssetsExportTool.swift; sourceTree = "<group>"; };
		4EEEA9821E163DB10098CA01 /* CTErrorEnum.swift */ = {isa = PBXFileReference; fileEncoding = 4; lastKnownFileType = sourcecode.swift; path = CTErrorEnum.swift; sourceTree = "<group>"; };
		4EEEA98F1E165FAB0098CA01 /* AssetsExportDemoViewController.swift */ = {isa = PBXFileReference; fileEncoding = 4; lastKnownFileType = sourcecode.swift; path = AssetsExportDemoViewController.swift; sourceTree = "<group>"; };
		4EEEA9961E1662C00098CA01 /* KidForMacHeader.h */ = {isa = PBXFileReference; fileEncoding = 4; lastKnownFileType = sourcecode.c.h; path = KidForMacHeader.h; sourceTree = "<group>"; };
		4EEEA9991E166BFB0098CA01 /* DropView.swift */ = {isa = PBXFileReference; fileEncoding = 4; lastKnownFileType = sourcecode.swift; path = DropView.swift; sourceTree = "<group>"; };
		4EEEA99B1E1674260098CA01 /* Tishi.swift */ = {isa = PBXFileReference; fileEncoding = 4; lastKnownFileType = sourcecode.swift; path = Tishi.swift; sourceTree = "<group>"; };
		4EF7806D1E18A37C0047EAD1 /* KidForIPad.app */ = {isa = PBXFileReference; explicitFileType = wrapper.application; includeInIndex = 0; path = KidForIPad.app; sourceTree = BUILT_PRODUCTS_DIR; };
		4EF7806F1E18A37C0047EAD1 /* AppDelegate.swift */ = {isa = PBXFileReference; lastKnownFileType = sourcecode.swift; path = AppDelegate.swift; sourceTree = "<group>"; };
		4EF780711E18A37C0047EAD1 /* ViewController.swift */ = {isa = PBXFileReference; lastKnownFileType = sourcecode.swift; path = ViewController.swift; sourceTree = "<group>"; };
		4EF780741E18A37C0047EAD1 /* Base */ = {isa = PBXFileReference; lastKnownFileType = file.storyboard; name = Base; path = Base.lproj/Main.storyboard; sourceTree = "<group>"; };
		4EF780761E18A37C0047EAD1 /* Assets.xcassets */ = {isa = PBXFileReference; lastKnownFileType = folder.assetcatalog; path = Assets.xcassets; sourceTree = "<group>"; };
		4EF780791E18A37C0047EAD1 /* Base */ = {isa = PBXFileReference; lastKnownFileType = file.storyboard; name = Base; path = Base.lproj/LaunchScreen.storyboard; sourceTree = "<group>"; };
		4EF7807B1E18A37C0047EAD1 /* Info.plist */ = {isa = PBXFileReference; lastKnownFileType = text.plist.xml; path = Info.plist; sourceTree = "<group>"; };
		4EF780821E18A4670047EAD1 /* KidForIOSHeader.h */ = {isa = PBXFileReference; fileEncoding = 4; lastKnownFileType = sourcecode.c.h; path = KidForIOSHeader.h; sourceTree = "<group>"; };
		4EF780871E18B3160047EAD1 /* Assets.xcassets */ = {isa = PBXFileReference; lastKnownFileType = folder.assetcatalog; path = Assets.xcassets; sourceTree = "<group>"; };
		56D16CA60A1B3A9E10A7A0F8 /* Pods-KidForIPad.debug.xcconfig */ = {isa = PBXFileReference; includeInIndex = 1; lastKnownFileType = text.xcconfig; name = "Pods-KidForIPad.debug.xcconfig"; path = "Pods/Target Support Files/Pods-KidForIPad/Pods-KidForIPad.debug.xcconfig"; sourceTree = "<group>"; };
		EB5DF70FB623406655B696F3 /* Pods-KidForIPad.release.xcconfig */ = {isa = PBXFileReference; includeInIndex = 1; lastKnownFileType = text.xcconfig; name = "Pods-KidForIPad.release.xcconfig"; path = "Pods/Target Support Files/Pods-KidForIPad/Pods-KidForIPad.release.xcconfig"; sourceTree = "<group>"; };
		FE99D69067CA524735341637 /* Pods_KidForIPad.framework */ = {isa = PBXFileReference; explicitFileType = wrapper.framework; includeInIndex = 0; path = Pods_KidForIPad.framework; sourceTree = BUILT_PRODUCTS_DIR; };
/* End PBXFileReference section */

/* Begin PBXFrameworksBuildPhase section */
		4EEEA9651E1603720098CA01 /* Frameworks */ = {
			isa = PBXFrameworksBuildPhase;
			buildActionMask = 2147483647;
			files = (
			);
			runOnlyForDeploymentPostprocessing = 0;
		};
		4EF7806A1E18A37C0047EAD1 /* Frameworks */ = {
			isa = PBXFrameworksBuildPhase;
			buildActionMask = 2147483647;
			files = (
			);
			runOnlyForDeploymentPostprocessing = 0;
		};
/* End PBXFrameworksBuildPhase section */

/* Begin PBXGroup section */
		053F6478FEC3D3399B209B55 /* Frameworks */ = {
			isa = PBXGroup;
			children = (
				FE99D69067CA524735341637 /* Pods_KidForIPad.framework */,
			);
			name = Frameworks;
			sourceTree = "<group>";
		};
		4E9131971E12699500D6B2AB = {
			isa = PBXGroup;
			children = (
				4EEEA97D1E16350D0098CA01 /* CustomAssets */,
				4EEEA9791E1604E50098CA01 /* CurrentTool */,
				4EEEA9691E1603720098CA01 /* KidForMac */,
				4EF7806E1E18A37C0047EAD1 /* KidForIPad */,
				4E9131A11E12699500D6B2AB /* Products */,
				7EEE90177D3EEEDC0EF58E84 /* Pods */,
				053F6478FEC3D3399B209B55 /* Frameworks */,
			);
			sourceTree = "<group>";
		};
		4E9131A11E12699500D6B2AB /* Products */ = {
			isa = PBXGroup;
			children = (
				4EEEA9681E1603720098CA01 /* KidForMac.app */,
				4EF7806D1E18A37C0047EAD1 /* KidForIPad.app */,
			);
			name = Products;
			sourceTree = "<group>";
		};
		4EEEA9691E1603720098CA01 /* KidForMac */ = {
			isa = PBXGroup;
			children = (
				4EEEA9981E166B050098CA01 /* controls */,
				4EEEA98E1E165FAB0098CA01 /* demo */,
				4EEEA97F1E1636650098CA01 /* tools */,
				4EEEA96A1E1603720098CA01 /* AppDelegate.swift */,
				4EF780871E18B3160047EAD1 /* Assets.xcassets */,
				4EEEA99B1E1674260098CA01 /* Tishi.swift */,
				4EEEA96C1E1603720098CA01 /* ViewController.swift */,
				4EEEA9701E1603730098CA01 /* Main.storyboard */,
				4EEEA9731E1603730098CA01 /* Info.plist */,
				4EEEA9961E1662C00098CA01 /* KidForMacHeader.h */,
			);
			path = KidForMac;
			sourceTree = "<group>";
		};
		4EEEA9791E1604E50098CA01 /* CurrentTool */ = {
			isa = PBXGroup;
			children = (
				4EEEA97A1E1605660098CA01 /* CTLoader.swift */,
				4EEEA9821E163DB10098CA01 /* CTErrorEnum.swift */,
			);
			path = CurrentTool;
			sourceTree = "<group>";
		};
		4EEEA97F1E1636650098CA01 /* tools */ = {
			isa = PBXGroup;
			children = (
				4EEEA9801E1636E60098CA01 /* AssetsExportTool.swift */,
			);
			path = tools;
			sourceTree = "<group>";
		};
		4EEEA98E1E165FAB0098CA01 /* demo */ = {
			isa = PBXGroup;
			children = (
				4EEEA98F1E165FAB0098CA01 /* AssetsExportDemoViewController.swift */,
			);
			path = demo;
			sourceTree = "<group>";
		};
		4EEEA9981E166B050098CA01 /* controls */ = {
			isa = PBXGroup;
			children = (
				4EEEA9991E166BFB0098CA01 /* DropView.swift */,
			);
			path = controls;
			sourceTree = "<group>";
		};
		4EF7806E1E18A37C0047EAD1 /* KidForIPad */ = {
			isa = PBXGroup;
			children = (
				4EF7807F1E18A43B0047EAD1 /* controls */,
				4EF780801E18A43B0047EAD1 /* demo */,
				4EF780811E18A43B0047EAD1 /* tools */,
				4EF7806F1E18A37C0047EAD1 /* AppDelegate.swift */,
				4EF780711E18A37C0047EAD1 /* ViewController.swift */,
				4EF780731E18A37C0047EAD1 /* Main.storyboard */,
				4EF780761E18A37C0047EAD1 /* Assets.xcassets */,
				4EF780781E18A37C0047EAD1 /* LaunchScreen.storyboard */,
				4EF7807B1E18A37C0047EAD1 /* Info.plist */,
				4EF780821E18A4670047EAD1 /* KidForIOSHeader.h */,
			);
			path = KidForIPad;
			sourceTree = "<group>";
		};
		4EF7807F1E18A43B0047EAD1 /* controls */ = {
			isa = PBXGroup;
			children = (
			);
			path = controls;
			sourceTree = "<group>";
		};
		4EF780801E18A43B0047EAD1 /* demo */ = {
			isa = PBXGroup;
			children = (
			);
			path = demo;
			sourceTree = "<group>";
		};
		4EF780811E18A43B0047EAD1 /* tools */ = {
			isa = PBXGroup;
			children = (
			);
			path = tools;
			sourceTree = "<group>";
		};
		7EEE90177D3EEEDC0EF58E84 /* Pods */ = {
			isa = PBXGroup;
			children = (
				56D16CA60A1B3A9E10A7A0F8 /* Pods-KidForIPad.debug.xcconfig */,
				EB5DF70FB623406655B696F3 /* Pods-KidForIPad.release.xcconfig */,
			);
			name = Pods;
			sourceTree = "<group>";
		};
/* End PBXGroup section */

/* Begin PBXNativeTarget section */
		4EEEA9671E1603720098CA01 /* KidForMac */ = {
			isa = PBXNativeTarget;
			buildConfigurationList = 4EEEA9761E1603730098CA01 /* Build configuration list for PBXNativeTarget "KidForMac" */;
			buildPhases = (
				4EEEA9641E1603720098CA01 /* Sources */,
				4EEEA9651E1603720098CA01 /* Frameworks */,
				4EEEA9661E1603720098CA01 /* Resources */,
			);
			buildRules = (
			);
			dependencies = (
			);
			name = KidForMac;
			productName = KidForMac;
			productReference = 4EEEA9681E1603720098CA01 /* KidForMac.app */;
			productType = "com.apple.product-type.application";
		};
		4EF7806C1E18A37C0047EAD1 /* KidForIPad */ = {
			isa = PBXNativeTarget;
			buildConfigurationList = 4EF7807C1E18A37C0047EAD1 /* Build configuration list for PBXNativeTarget "KidForIPad" */;
			buildPhases = (
				4EF780691E18A37C0047EAD1 /* Sources */,
				4EF7806A1E18A37C0047EAD1 /* Frameworks */,
				4EF7806B1E18A37C0047EAD1 /* Resources */,
			);
			buildRules = (
			);
			dependencies = (
			);
			name = KidForIPad;
			productName = KidForIPad;
			productReference = 4EF7806D1E18A37C0047EAD1 /* KidForIPad.app */;
			productType = "com.apple.product-type.application";
		};
/* End PBXNativeTarget section */

/* Begin PBXProject section */
		4E9131981E12699500D6B2AB /* Project object */ = {
			isa = PBXProject;
			attributes = {
				LastSwiftUpdateCheck = 0820;
				LastUpgradeCheck = 0730;
				ORGANIZATIONNAME = KidForMac;
				TargetAttributes = {
					4EEEA9671E1603720098CA01 = {
						CreatedOnToolsVersion = 7.3.1;
						LastSwiftMigration = 0820;
					};
					4EF7806C1E18A37C0047EAD1 = {
						CreatedOnToolsVersion = 8.2.1;
						DevelopmentTeam = 4YSBG2HZW7;
						ProvisioningStyle = Automatic;
					};
				};
			};
			buildConfigurationList = 4E91319B1E12699500D6B2AB /* Build configuration list for PBXProject "KidForIPad" */;
			compatibilityVersion = "Xcode 3.2";
			developmentRegion = English;
			hasScannedForEncodings = 0;
			knownRegions = (
				en,
				Base,
			);
			mainGroup = 4E9131971E12699500D6B2AB;
			productRefGroup = 4E9131A11E12699500D6B2AB /* Products */;
			projectDirPath = "";
			projectRoot = "";
			targets = (
				4EEEA9671E1603720098CA01 /* KidForMac */,
				4EF7806C1E18A37C0047EAD1 /* KidForIPad */,
			);
		};
/* End PBXProject section */

/* Begin PBXResourcesBuildPhase section */
		4EEEA9661E1603720098CA01 /* Resources */ = {
			isa = PBXResourcesBuildPhase;
			buildActionMask = 2147483647;
			files = (
				4EF780861E18B2B50047EAD1 /* CustomAssets in Resources */,
				4EF780881E18B3160047EAD1 /* Assets.xcassets in Resources */,
				4EEEA9721E1603730098CA01 /* Main.storyboard in Resources */,
			);
			runOnlyForDeploymentPostprocessing = 0;
		};
		4EF7806B1E18A37C0047EAD1 /* Resources */ = {
			isa = PBXResourcesBuildPhase;
			buildActionMask = 2147483647;
			files = (
				4EF780851E18A6A90047EAD1 /* CustomAssets in Resources */,
				4EF7807A1E18A37C0047EAD1 /* LaunchScreen.storyboard in Resources */,
				4EF780771E18A37C0047EAD1 /* Assets.xcassets in Resources */,
				4EF780751E18A37C0047EAD1 /* Main.storyboard in Resources */,
			);
			runOnlyForDeploymentPostprocessing = 0;
		};
/* End PBXResourcesBuildPhase section */

/* Begin PBXSourcesBuildPhase section */
		4EEEA9641E1603720098CA01 /* Sources */ = {
			isa = PBXSourcesBuildPhase;
			buildActionMask = 2147483647;
			files = (
				4EEEA9901E165FAB0098CA01 /* AssetsExportDemoViewController.swift in Sources */,
				4EEEA9811E1636E60098CA01 /* AssetsExportTool.swift in Sources */,
				4EEEA97C1E1605660098CA01 /* CTLoader.swift in Sources */,
				4EEEA99A1E166BFB0098CA01 /* DropView.swift in Sources */,
				4EEEA9841E163DB10098CA01 /* CTErrorEnum.swift in Sources */,
				4EEEA96D1E1603720098CA01 /* ViewController.swift in Sources */,
				4EEEA96B1E1603720098CA01 /* AppDelegate.swift in Sources */,
				4EEEA99C1E1674260098CA01 /* Tishi.swift in Sources */,
			);
			runOnlyForDeploymentPostprocessing = 0;
		};
		4EF780691E18A37C0047EAD1 /* Sources */ = {
			isa = PBXSourcesBuildPhase;
			buildActionMask = 2147483647;
			files = (
				4EF780831E18A4CD0047EAD1 /* CTLoader.swift in Sources */,
				4EF780721E18A37C0047EAD1 /* ViewController.swift in Sources */,
				4EF780841E18A4D00047EAD1 /* CTErrorEnum.swift in Sources */,
				4EF780701E18A37C0047EAD1 /* AppDelegate.swift in Sources */,
			);
			runOnlyForDeploymentPostprocessing = 0;
		};
/* End PBXSourcesBuildPhase section */

/* Begin PBXVariantGroup section */
		4EEEA9701E1603730098CA01 /* Main.storyboard */ = {
			isa = PBXVariantGroup;
			children = (
				4EEEA9711E1603730098CA01 /* Base */,
			);
			name = Main.storyboard;
			sourceTree = "<group>";
		};
		4EF780731E18A37C0047EAD1 /* Main.storyboard */ = {
			isa = PBXVariantGroup;
			children = (
				4EF780741E18A37C0047EAD1 /* Base */,
			);
			name = Main.storyboard;
			sourceTree = "<group>";
		};
		4EF780781E18A37C0047EAD1 /* LaunchScreen.storyboard */ = {
			isa = PBXVariantGroup;
			children = (
				4EF780791E18A37C0047EAD1 /* Base */,
			);
			name = LaunchScreen.storyboard;
			sourceTree = "<group>";
		};
/* End PBXVariantGroup section */

/* Begin XCBuildConfiguration section */
		4E9131B01E12699500D6B2AB /* Debug */ = {
			isa = XCBuildConfiguration;
			buildSettings = {
				ALWAYS_SEARCH_USER_PATHS = NO;
				CLANG_ANALYZER_NONNULL = YES;
				CLANG_CXX_LANGUAGE_STANDARD = "gnu++0x";
				CLANG_CXX_LIBRARY = "libc++";
				CLANG_ENABLE_MODULES = YES;
				CLANG_ENABLE_OBJC_ARC = YES;
				CLANG_WARN_BOOL_CONVERSION = YES;
				CLANG_WARN_CONSTANT_CONVERSION = YES;
				CLANG_WARN_DIRECT_OBJC_ISA_USAGE = YES_ERROR;
				CLANG_WARN_EMPTY_BODY = YES;
				CLANG_WARN_ENUM_CONVERSION = YES;
				CLANG_WARN_INT_CONVERSION = YES;
				CLANG_WARN_OBJC_ROOT_CLASS = YES_ERROR;
				CLANG_WARN_UNREACHABLE_CODE = YES;
				CLANG_WARN__DUPLICATE_METHOD_MATCH = YES;
				"CODE_SIGN_IDENTITY[sdk=iphoneos*]" = "iPhone Developer";
				COPY_PHASE_STRIP = NO;
				DEBUG_INFORMATION_FORMAT = dwarf;
				ENABLE_STRICT_OBJC_MSGSEND = YES;
				ENABLE_TESTABILITY = YES;
				GCC_C_LANGUAGE_STANDARD = gnu99;
				GCC_DYNAMIC_NO_PIC = NO;
				GCC_NO_COMMON_BLOCKS = YES;
				GCC_OPTIMIZATION_LEVEL = 0;
				GCC_PREPROCESSOR_DEFINITIONS = (
					"DEBUG=1",
					"$(inherited)",
				);
				GCC_WARN_64_TO_32_BIT_CONVERSION = YES;
				GCC_WARN_ABOUT_RETURN_TYPE = YES_ERROR;
				GCC_WARN_UNDECLARED_SELECTOR = YES;
				GCC_WARN_UNINITIALIZED_AUTOS = YES_AGGRESSIVE;
				GCC_WARN_UNUSED_FUNCTION = YES;
				GCC_WARN_UNUSED_VARIABLE = YES;
				IPHONEOS_DEPLOYMENT_TARGET = 9.3;
				MTL_ENABLE_DEBUG_INFO = YES;
				ONLY_ACTIVE_ARCH = YES;
				SDKROOT = iphoneos;
				SWIFT_OPTIMIZATION_LEVEL = "-Onone";
				TARGETED_DEVICE_FAMILY = 2;
			};
			name = Debug;
		};
		4E9131B11E12699500D6B2AB /* Release */ = {
			isa = XCBuildConfiguration;
			buildSettings = {
				ALWAYS_SEARCH_USER_PATHS = NO;
				CLANG_ANALYZER_NONNULL = YES;
				CLANG_CXX_LANGUAGE_STANDARD = "gnu++0x";
				CLANG_CXX_LIBRARY = "libc++";
				CLANG_ENABLE_MODULES = YES;
				CLANG_ENABLE_OBJC_ARC = YES;
				CLANG_WARN_BOOL_CONVERSION = YES;
				CLANG_WARN_CONSTANT_CONVERSION = YES;
				CLANG_WARN_DIRECT_OBJC_ISA_USAGE = YES_ERROR;
				CLANG_WARN_EMPTY_BODY = YES;
				CLANG_WARN_ENUM_CONVERSION = YES;
				CLANG_WARN_INT_CONVERSION = YES;
				CLANG_WARN_OBJC_ROOT_CLASS = YES_ERROR;
				CLANG_WARN_UNREACHABLE_CODE = YES;
				CLANG_WARN__DUPLICATE_METHOD_MATCH = YES;
				"CODE_SIGN_IDENTITY[sdk=iphoneos*]" = "iPhone Developer";
				COPY_PHASE_STRIP = NO;
				DEBUG_INFORMATION_FORMAT = "dwarf-with-dsym";
				ENABLE_NS_ASSERTIONS = NO;
				ENABLE_STRICT_OBJC_MSGSEND = YES;
				GCC_C_LANGUAGE_STANDARD = gnu99;
				GCC_NO_COMMON_BLOCKS = YES;
				GCC_WARN_64_TO_32_BIT_CONVERSION = YES;
				GCC_WARN_ABOUT_RETURN_TYPE = YES_ERROR;
				GCC_WARN_UNDECLARED_SELECTOR = YES;
				GCC_WARN_UNINITIALIZED_AUTOS = YES_AGGRESSIVE;
				GCC_WARN_UNUSED_FUNCTION = YES;
				GCC_WARN_UNUSED_VARIABLE = YES;
				IPHONEOS_DEPLOYMENT_TARGET = 9.3;
				MTL_ENABLE_DEBUG_INFO = NO;
				SDKROOT = iphoneos;
				TARGETED_DEVICE_FAMILY = 2;
				VALIDATE_PRODUCT = YES;
			};
			name = Release;
		};
		4EEEA9741E1603730098CA01 /* Debug */ = {
			isa = XCBuildConfiguration;
			buildSettings = {
				ASSETCATALOG_COMPILER_APPICON_NAME = AppIcon;
				CODE_SIGN_IDENTITY = "-";
				COMBINE_HIDPI_IMAGES = YES;
				INFOPLIST_FILE = KidForMac/Info.plist;
				LD_RUNPATH_SEARCH_PATHS = "$(inherited) @executable_path/../Frameworks";
				MACOSX_DEPLOYMENT_TARGET = 10.11;
				PRODUCT_BUNDLE_IDENTIFIER = com.51talkiosDeveloper.KidForMac;
				PRODUCT_NAME = "$(TARGET_NAME)";
				SDKROOT = macosx;
				SWIFT_OBJC_BRIDGING_HEADER = KidForMac/KidForMacHeader.h;
				SWIFT_VERSION = 3.0;
			};
			name = Debug;
		};
		4EEEA9751E1603730098CA01 /* Release */ = {
			isa = XCBuildConfiguration;
			buildSettings = {
				ASSETCATALOG_COMPILER_APPICON_NAME = AppIcon;
				CODE_SIGN_IDENTITY = "-";
				COMBINE_HIDPI_IMAGES = YES;
				INFOPLIST_FILE = KidForMac/Info.plist;
				LD_RUNPATH_SEARCH_PATHS = "$(inherited) @executable_path/../Frameworks";
				MACOSX_DEPLOYMENT_TARGET = 10.11;
				PRODUCT_BUNDLE_IDENTIFIER = com.51talkiosDeveloper.KidForMac;
				PRODUCT_NAME = "$(TARGET_NAME)";
				SDKROOT = macosx;
				SWIFT_OBJC_BRIDGING_HEADER = KidForMac/KidForMacHeader.h;
				SWIFT_VERSION = 3.0;
			};
			name = Release;
		};
		4EF7807D1E18A37C0047EAD1 /* Debug */ = {
			isa = XCBuildConfiguration;
			buildSettings = {
				ASSETCATALOG_COMPILER_APPICON_NAME = AppIcon;
				CLANG_WARN_DOCUMENTATION_COMMENTS = YES;
				CLANG_WARN_INFINITE_RECURSION = YES;
				CLANG_WARN_SUSPICIOUS_MOVE = YES;
				DEVELOPMENT_TEAM = 4YSBG2HZW7;
				INFOPLIST_FILE = KidForIPad/Info.plist;
				IPHONEOS_DEPLOYMENT_TARGET = 10.2;
				LD_RUNPATH_SEARCH_PATHS = "$(inherited) @executable_path/Frameworks";
				PRODUCT_BUNDLE_IDENTIFIER = com.gml.aaaa.KidForIPad;
				PRODUCT_NAME = "$(TARGET_NAME)";
				SWIFT_ACTIVE_COMPILATION_CONDITIONS = DEBUG;
				SWIFT_OBJC_BRIDGING_HEADER = KidForIPad/KidForIOSHeader.h;
				SWIFT_VERSION = 3.0;
				TARGETED_DEVICE_FAMILY = "1,2";
			};
			name = Debug;
		};
		4EF7807E1E18A37C0047EAD1 /* Release */ = {
			isa = XCBuildConfiguration;
			buildSettings = {
				ASSETCATALOG_COMPILER_APPICON_NAME = AppIcon;
				CLANG_WARN_DOCUMENTATION_COMMENTS = YES;
				CLANG_WARN_INFINITE_RECURSION = YES;
				CLANG_WARN_SUSPICIOUS_MOVE = YES;
				DEVELOPMENT_TEAM = 4YSBG2HZW7;
				INFOPLIST_FILE = KidForIPad/Info.plist;
				IPHONEOS_DEPLOYMENT_TARGET = 10.2;
				LD_RUNPATH_SEARCH_PATHS = "$(inherited) @executable_path/Frameworks";
				PRODUCT_BUNDLE_IDENTIFIER = com.gml.aaaa.KidForIPad;
				PRODUCT_NAME = "$(TARGET_NAME)";
				SWIFT_OBJC_BRIDGING_HEADER = KidForIPad/KidForIOSHeader.h;
				SWIFT_OPTIMIZATION_LEVEL = "-Owholemodule";
				SWIFT_VERSION = 3.0;
				TARGETED_DEVICE_FAMILY = "1,2";
			};
			name = Release;
		};
/* End XCBuildConfiguration section */

/* Begin XCConfigurationList section */
		4E91319B1E12699500D6B2AB /* Build configuration list for PBXProject "KidForIPad" */ = {
			isa = XCConfigurationList;
			buildConfigurations = (
				4E9131B01E12699500D6B2AB /* Debug */,
				4E9131B11E12699500D6B2AB /* Release */,
			);
			defaultConfigurationIsVisible = 0;
			defaultConfigurationName = Release;
		};
		4EEEA9761E1603730098CA01 /* Build configuration list for PBXNativeTarget "KidForMac" */ = {
			isa = XCConfigurationList;
			buildConfigurations = (
				4EEEA9741E1603730098CA01 /* Debug */,
				4EEEA9751E1603730098CA01 /* Release */,
			);
			defaultConfigurationIsVisible = 0;
			defaultConfigurationName = Release;
		};
		4EF7807C1E18A37C0047EAD1 /* Build configuration list for PBXNativeTarget "KidForIPad" */ = {
			isa = XCConfigurationList;
			buildConfigurations = (
				4EF7807D1E18A37C0047EAD1 /* Debug */,
				4EF7807E1E18A37C0047EAD1 /* Release */,
			);
			defaultConfigurationIsVisible = 0;
		};
/* End XCConfigurationList section */
	};
	rootObject = 4E9131981E12699500D6B2AB /* Project object */;
}
